{
  "version": 4,
  "terraform_version": "1.7.2",
  "serial": 199,
  "lineage": "3229a786-8513-2eda-1549-70feeaf4608f",
  "outputs": {
    "public_subnets": {
      "value": [
        "subnet-0b8e8d956e418e1e3"
      ],
      "type": [
        "tuple",
        [
          "string"
        ]
      ]
    },
    "vpc_cidr_block": {
      "value": "50.0.0.0/16",
      "type": "string"
    },
    "vpc_id": {
      "value": "vpc-041ab8a6be5a07776",
      "type": "string"
    }
  },
  "resources": [
    {
      "module": "module.ec2_instance.module.key_pair",
      "mode": "managed",
      "type": "aws_key_pair",
      "name": "this",
      "provider": "provider[\"registry.terraform.io/hashicorp/aws\"]",
      "instances": [
        {
          "index_key": 0,
          "schema_version": 1,
          "attributes": {
            "arn": "arn:aws:ec2:us-east-1:730335593303:key-pair/test-key",
            "fingerprint": "22:8e:94:7a:9e:b9:ee:24:c3:72:f5:92:0e:bf:8a:4a",
            "id": "test-key",
            "key_name": "test-key",
            "key_name_prefix": "",
            "key_pair_id": "key-0c8a6ad12ef9c01a5",
            "key_type": "rsa",
            "public_key": "ssh-rsa AAAAB3NzaC1yc2EAAAADAQABAAABAQCn00urt5q3InoTQYmX5HUOp4hlc358jZ7pfSijHm1RGIF35bR+fnoFTtg7BnX9sIrMhUdk9ewIqq/3rlsS259fjn7QrtRfIC7hX1vK2G5T1dKrhestqkQERpDCZO8l61UoOe6cUWJ0VSiOI4wRT6i0Klgmcr1mN7pVJ6b7uRfJjQVV9YVwgBkSOIK5taPqx7rv1CI0Y0SHaU2rfW5x9WzsD/dw+RpwfmqTWYFEhkrM7TbHhOzgdFvI7ekbC7Aeogw6ezjYg01alyz9Zdda3tYMQIZGZFdVnP8SLA+MJa75IFAbPh5gMOevfo1f4OKyjYQRy/BeA7GDt1o7rCDQWB3j",
            "tags": {},
            "tags_all": {}
          },
          "sensitive_attributes": [],
          "private": "eyJzY2hlbWFfdmVyc2lvbiI6IjEifQ==",
          "dependencies": [
            "module.ec2_instance.module.key_pair.tls_private_key.this"
          ]
        }
      ]
    },
    {
      "module": "module.ec2_instance.module.test_instance_ec2_instance[0]",
      "mode": "data",
      "type": "aws_partition",
      "name": "current",
      "provider": "provider[\"registry.terraform.io/hashicorp/aws\"]",
      "instances": [
        {
          "schema_version": 0,
          "attributes": {
            "dns_suffix": "amazonaws.com",
            "id": "aws",
            "partition": "aws",
            "reverse_dns_prefix": "com.amazonaws"
          },
          "sensitive_attributes": []
        }
      ]
    },
    {
      "module": "module.ec2_instance.module.test_instance_ec2_instance[0]",
      "mode": "managed",
      "type": "aws_instance",
      "name": "this",
      "provider": "provider[\"registry.terraform.io/hashicorp/aws\"]",
      "instances": [
        {
          "index_key": 0,
          "schema_version": 1,
          "attributes": {
            "ami": "ami-0c7217cdde317cfec",
            "arn": "arn:aws:ec2:us-east-1:730335593303:instance/i-0b7667c90aff44980",
            "associate_public_ip_address": true,
            "availability_zone": "us-east-1a",
            "capacity_reservation_specification": [
              {
                "capacity_reservation_preference": "open",
                "capacity_reservation_target": []
              }
            ],
            "cpu_core_count": 2,
            "cpu_options": [
              {
                "amd_sev_snp": "",
                "core_count": 2,
                "threads_per_core": 1
              }
            ],
            "cpu_threads_per_core": 1,
            "credit_specification": [
              {
                "cpu_credits": "standard"
              }
            ],
            "disable_api_stop": false,
            "disable_api_termination": false,
            "ebs_block_device": [],
            "ebs_optimized": false,
            "enclave_options": [
              {
                "enabled": false
              }
            ],
            "ephemeral_block_device": [],
            "get_password_data": false,
            "hibernation": false,
            "host_id": "",
            "host_resource_group_arn": null,
            "iam_instance_profile": "",
            "id": "i-0b7667c90aff44980",
            "instance_initiated_shutdown_behavior": "stop",
            "instance_lifecycle": "",
            "instance_market_options": [],
            "instance_state": "running",
            "instance_type": "t2.medium",
            "ipv6_address_count": 0,
            "ipv6_addresses": [],
            "key_name": "test-key",
            "launch_template": [],
            "maintenance_options": [
              {
                "auto_recovery": "default"
              }
            ],
            "metadata_options": [
              {
                "http_endpoint": "enabled",
                "http_protocol_ipv6": "disabled",
                "http_put_response_hop_limit": 1,
                "http_tokens": "optional",
                "instance_metadata_tags": "disabled"
              }
            ],
            "monitoring": true,
            "network_interface": [],
            "outpost_arn": "",
            "password_data": "",
            "placement_group": "",
            "placement_partition_number": 0,
            "primary_network_interface_id": "eni-038ddcf15b26a9f47",
            "private_dns": "ip-50-0-9-156.ec2.internal",
            "private_dns_name_options": [
              {
                "enable_resource_name_dns_a_record": false,
                "enable_resource_name_dns_aaaa_record": false,
                "hostname_type": "ip-name"
              }
            ],
            "private_ip": "50.0.9.156",
            "public_dns": "ec2-44-195-60-61.compute-1.amazonaws.com",
            "public_ip": "44.195.60.61",
            "root_block_device": [
              {
                "delete_on_termination": true,
                "device_name": "/dev/sda1",
                "encrypted": false,
                "iops": 100,
                "kms_key_id": "",
                "tags": {},
                "tags_all": {},
                "throughput": 0,
                "volume_id": "vol-0d4c6209cdcd7f671",
                "volume_size": 10,
                "volume_type": "gp2"
              }
            ],
            "secondary_private_ips": [],
            "security_groups": [],
            "source_dest_check": true,
            "spot_instance_request_id": "",
            "subnet_id": "subnet-0b8e8d956e418e1e3",
            "tags": {
              "Environment": "test",
              "Name": "test_instance",
              "Terraform": "true"
            },
            "tags_all": {
              "Environment": "test",
              "Name": "test_instance",
              "Terraform": "true"
            },
            "tenancy": "default",
            "timeouts": {
              "create": null,
              "delete": null,
              "read": null,
              "update": null
            },
            "user_data": "10aff91b7c1f581a62138da14bdf8e79606c1a8f",
            "user_data_base64": null,
            "user_data_replace_on_change": false,
            "volume_tags": {
              "Name": "test_instance"
            },
            "vpc_security_group_ids": [
              "sg-020a55d157e1458d2"
            ]
          },
          "sensitive_attributes": [],
          "private": "eyJlMmJmYjczMC1lY2FhLTExZTYtOGY4OC0zNDM2M2JjN2M0YzAiOnsiY3JlYXRlIjo2MDAwMDAwMDAwMDAsImRlbGV0ZSI6MTIwMDAwMDAwMDAwMCwicmVhZCI6OTAwMDAwMDAwMDAwLCJ1cGRhdGUiOjYwMDAwMDAwMDAwMH0sInNjaGVtYV92ZXJzaW9uIjoiMSJ9",
          "dependencies": [
            "module.ec2_instance.module.test_instance_ec2_instance.aws_iam_instance_profile.this",
            "module.ec2_instance.module.test_instance_ec2_instance.aws_iam_role.this",
            "module.ec2_instance.module.test_instance_ec2_instance.data.aws_iam_policy_document.assume_role_policy",
            "module.ec2_instance.module.test_instance_ec2_instance.data.aws_partition.current",
            "module.ec2_instance.module.test_instance_ec2_instance.data.aws_ssm_parameter.this",
            "module.ec2_instance.module.test_security_group.aws_security_group.this",
            "module.ec2_instance.module.test_security_group.aws_security_group.this_name_prefix",
            "module.vpc.module.vpc.aws_subnet.public",
            "module.vpc.module.vpc.aws_vpc.this",
            "module.vpc.module.vpc.aws_vpc_ipv4_cidr_block_association.this"
          ]
        }
      ]
    },
    {
      "module": "module.ec2_instance.module.test_security_group",
      "mode": "managed",
      "type": "aws_security_group",
      "name": "this_name_prefix",
      "provider": "provider[\"registry.terraform.io/hashicorp/aws\"]",
      "instances": [
        {
          "index_key": 0,
          "schema_version": 1,
          "attributes": {
            "arn": "arn:aws:ec2:us-east-1:730335593303:security-group/sg-020a55d157e1458d2",
            "description": "Security Group managed by Terraform",
            "egress": [
              {
                "cidr_blocks": [
                  "0.0.0.0/0"
                ],
                "description": "Egress Rule",
                "from_port": 0,
                "ipv6_cidr_blocks": [],
                "prefix_list_ids": [],
                "protocol": "-1",
                "security_groups": [],
                "self": false,
                "to_port": 0
              }
            ],
            "id": "sg-020a55d157e1458d2",
            "ingress": [
              {
                "cidr_blocks": [
                  "0.0.0.0/0"
                ],
                "description": "http access",
                "from_port": 80,
                "ipv6_cidr_blocks": [],
                "prefix_list_ids": [],
                "protocol": "tcp",
                "security_groups": [],
                "self": false,
                "to_port": 80
              },
              {
                "cidr_blocks": [
                  "0.0.0.0/0"
                ],
                "description": "https access",
                "from_port": 443,
                "ipv6_cidr_blocks": [],
                "prefix_list_ids": [],
                "protocol": "tcp",
                "security_groups": [],
                "self": false,
                "to_port": 443
              },
              {
                "cidr_blocks": [
                  "0.0.0.0/0"
                ],
                "description": "jenkins access",
                "from_port": 8080,
                "ipv6_cidr_blocks": [],
                "prefix_list_ids": [],
                "protocol": "tcp",
                "security_groups": [],
                "self": false,
                "to_port": 8080
              },
              {
                "cidr_blocks": [
                  "0.0.0.0/0"
                ],
                "description": "ssh access",
                "from_port": 22,
                "ipv6_cidr_blocks": [],
                "prefix_list_ids": [],
                "protocol": "tcp",
                "security_groups": [],
                "self": false,
                "to_port": 22
              }
            ],
            "name": "test-sg-20240721093915345400000001",
            "name_prefix": "test-sg-",
            "owner_id": "730335593303",
            "revoke_rules_on_delete": false,
            "tags": {
              "Name": "test-sg"
            },
            "tags_all": {
              "Name": "test-sg"
            },
            "timeouts": {
              "create": "10m",
              "delete": "15m"
            },
            "vpc_id": "vpc-041ab8a6be5a07776"
          },
          "sensitive_attributes": [],
          "private": "eyJlMmJmYjczMC1lY2FhLTExZTYtOGY4OC0zNDM2M2JjN2M0YzAiOnsiY3JlYXRlIjo2MDAwMDAwMDAwMDAsImRlbGV0ZSI6OTAwMDAwMDAwMDAwfSwic2NoZW1hX3ZlcnNpb24iOiIxIn0=",
          "dependencies": [
            "module.vpc.module.vpc.aws_vpc.this"
          ],
          "create_before_destroy": true
        }
      ]
    },
    {
      "module": "module.ec2_instance.module.test_security_group",
      "mode": "managed",
      "type": "aws_security_group_rule",
      "name": "egress_with_cidr_blocks",
      "provider": "provider[\"registry.terraform.io/hashicorp/aws\"]",
      "instances": [
        {
          "index_key": 0,
          "schema_version": 2,
          "attributes": {
            "cidr_blocks": [
              "0.0.0.0/0"
            ],
            "description": "Egress Rule",
            "from_port": 0,
            "id": "sgrule-845708327",
            "ipv6_cidr_blocks": null,
            "prefix_list_ids": [],
            "protocol": "-1",
            "security_group_id": "sg-020a55d157e1458d2",
            "security_group_rule_id": "sgr-00def1310fea07159",
            "self": false,
            "source_security_group_id": null,
            "timeouts": null,
            "to_port": 0,
            "type": "egress"
          },
          "sensitive_attributes": [],
          "private": "eyJlMmJmYjczMC1lY2FhLTExZTYtOGY4OC0zNDM2M2JjN2M0YzAiOnsiY3JlYXRlIjozMDAwMDAwMDAwMDB9LCJzY2hlbWFfdmVyc2lvbiI6IjIifQ==",
          "dependencies": [
            "module.ec2_instance.module.test_security_group.aws_security_group.this",
            "module.ec2_instance.module.test_security_group.aws_security_group.this_name_prefix",
            "module.vpc.module.vpc.aws_vpc.this"
          ]
        }
      ]
    },
    {
      "module": "module.ec2_instance.module.test_security_group",
      "mode": "managed",
      "type": "aws_security_group_rule",
      "name": "ingress_with_cidr_blocks",
      "provider": "provider[\"registry.terraform.io/hashicorp/aws\"]",
      "instances": [
        {
          "index_key": 0,
          "schema_version": 2,
          "attributes": {
            "cidr_blocks": [
              "0.0.0.0/0"
            ],
            "description": "ssh access",
            "from_port": 22,
            "id": "sgrule-2859773519",
            "ipv6_cidr_blocks": null,
            "prefix_list_ids": [],
            "protocol": "tcp",
            "security_group_id": "sg-020a55d157e1458d2",
            "security_group_rule_id": "sgr-0b5a05c56abc72a90",
            "self": false,
            "source_security_group_id": null,
            "timeouts": null,
            "to_port": 22,
            "type": "ingress"
          },
          "sensitive_attributes": [],
          "private": "eyJlMmJmYjczMC1lY2FhLTExZTYtOGY4OC0zNDM2M2JjN2M0YzAiOnsiY3JlYXRlIjozMDAwMDAwMDAwMDB9LCJzY2hlbWFfdmVyc2lvbiI6IjIifQ==",
          "dependencies": [
            "module.ec2_instance.module.test_security_group.aws_security_group.this",
            "module.ec2_instance.module.test_security_group.aws_security_group.this_name_prefix",
            "module.vpc.module.vpc.aws_vpc.this"
          ]
        },
        {
          "index_key": 1,
          "schema_version": 2,
          "attributes": {
            "cidr_blocks": [
              "0.0.0.0/0"
            ],
            "description": "https access",
            "from_port": 443,
            "id": "sgrule-1824838813",
            "ipv6_cidr_blocks": null,
            "prefix_list_ids": [],
            "protocol": "tcp",
            "security_group_id": "sg-020a55d157e1458d2",
            "security_group_rule_id": "sgr-073b36299f01cad65",
            "self": false,
            "source_security_group_id": null,
            "timeouts": null,
            "to_port": 443,
            "type": "ingress"
          },
          "sensitive_attributes": [],
          "private": "eyJlMmJmYjczMC1lY2FhLTExZTYtOGY4OC0zNDM2M2JjN2M0YzAiOnsiY3JlYXRlIjozMDAwMDAwMDAwMDB9LCJzY2hlbWFfdmVyc2lvbiI6IjIifQ==",
          "dependencies": [
            "module.ec2_instance.module.test_security_group.aws_security_group.this",
            "module.ec2_instance.module.test_security_group.aws_security_group.this_name_prefix",
            "module.vpc.module.vpc.aws_vpc.this"
          ]
        },
        {
          "index_key": 2,
          "schema_version": 2,
          "attributes": {
            "cidr_blocks": [
              "0.0.0.0/0"
            ],
            "description": "http access",
            "from_port": 80,
            "id": "sgrule-486470650",
            "ipv6_cidr_blocks": null,
            "prefix_list_ids": [],
            "protocol": "tcp",
            "security_group_id": "sg-020a55d157e1458d2",
            "security_group_rule_id": "sgr-0fc391919b787d45f",
            "self": false,
            "source_security_group_id": null,
            "timeouts": null,
            "to_port": 80,
            "type": "ingress"
          },
          "sensitive_attributes": [],
          "private": "eyJlMmJmYjczMC1lY2FhLTExZTYtOGY4OC0zNDM2M2JjN2M0YzAiOnsiY3JlYXRlIjozMDAwMDAwMDAwMDB9LCJzY2hlbWFfdmVyc2lvbiI6IjIifQ==",
          "dependencies": [
            "module.ec2_instance.module.test_security_group.aws_security_group.this",
            "module.ec2_instance.module.test_security_group.aws_security_group.this_name_prefix",
            "module.vpc.module.vpc.aws_vpc.this"
          ]
        },
        {
          "index_key": 3,
          "schema_version": 2,
          "attributes": {
            "cidr_blocks": [
              "0.0.0.0/0"
            ],
            "description": "jenkins access",
            "from_port": 8080,
            "id": "sgrule-358270882",
            "ipv6_cidr_blocks": null,
            "prefix_list_ids": [],
            "protocol": "tcp",
            "security_group_id": "sg-020a55d157e1458d2",
            "security_group_rule_id": "sgr-0f957b3bffb7f1439",
            "self": false,
            "source_security_group_id": null,
            "timeouts": null,
            "to_port": 8080,
            "type": "ingress"
          },
          "sensitive_attributes": [],
          "private": "eyJlMmJmYjczMC1lY2FhLTExZTYtOGY4OC0zNDM2M2JjN2M0YzAiOnsiY3JlYXRlIjozMDAwMDAwMDAwMDB9LCJzY2hlbWFfdmVyc2lvbiI6IjIifQ==",
          "dependencies": [
            "module.ec2_instance.module.test_security_group.aws_security_group.this",
            "module.ec2_instance.module.test_security_group.aws_security_group.this_name_prefix",
            "module.vpc.module.vpc.aws_vpc.this"
          ]
        }
      ]
    },
    {
      "module": "module.metric_alarm",
      "mode": "data",
      "type": "aws_instance",
      "name": "test",
      "provider": "provider[\"registry.terraform.io/hashicorp/aws\"]",
      "instances": [
        {
          "schema_version": 0,
          "attributes": {
            "ami": "ami-0c7217cdde317cfec",
            "arn": "arn:aws:ec2:us-east-1:730335593303:instance/i-0b7667c90aff44980",
            "associate_public_ip_address": true,
            "availability_zone": "us-east-1a",
            "credit_specification": [
              {
                "cpu_credits": "standard"
              }
            ],
            "disable_api_stop": false,
            "disable_api_termination": false,
            "ebs_block_device": [],
            "ebs_optimized": false,
            "enclave_options": [
              {
                "enabled": false
              }
            ],
            "ephemeral_block_device": [],
            "filter": [
              {
                "name": "tag:Name",
                "values": [
                  "test_instance"
                ]
              }
            ],
            "get_password_data": false,
            "get_user_data": false,
            "host_id": "",
            "host_resource_group_arn": "",
            "iam_instance_profile": "",
            "id": "i-0b7667c90aff44980",
            "instance_id": null,
            "instance_state": "running",
            "instance_tags": null,
            "instance_type": "t2.medium",
            "ipv6_addresses": [],
            "key_name": "test-key",
            "launch_time": "2024-07-21T09:39:23Z",
            "maintenance_options": [
              {
                "auto_recovery": "default"
              }
            ],
            "metadata_options": [
              {
                "http_endpoint": "enabled",
                "http_protocol_ipv6": "disabled",
                "http_put_response_hop_limit": 1,
                "http_tokens": "optional",
                "instance_metadata_tags": "disabled"
              }
            ],
            "monitoring": true,
            "network_interface_id": "eni-038ddcf15b26a9f47",
            "outpost_arn": "",
            "password_data": null,
            "placement_group": "",
            "placement_partition_number": 0,
            "private_dns": "ip-50-0-9-156.ec2.internal",
            "private_dns_name_options": [
              {
                "enable_resource_name_dns_a_record": false,
                "enable_resource_name_dns_aaaa_record": false,
                "hostname_type": "ip-name"
              }
            ],
            "private_ip": "50.0.9.156",
            "public_dns": "ec2-44-195-60-61.compute-1.amazonaws.com",
            "public_ip": "44.195.60.61",
            "root_block_device": [
              {
                "delete_on_termination": true,
                "device_name": "/dev/sda1",
                "encrypted": false,
                "iops": 100,
                "kms_key_id": "",
                "tags": {
                  "Name": "test_instance"
                },
                "throughput": 0,
                "volume_id": "vol-0d4c6209cdcd7f671",
                "volume_size": 10,
                "volume_type": "gp2"
              }
            ],
            "secondary_private_ips": [],
            "security_groups": [],
            "source_dest_check": true,
            "subnet_id": "subnet-0b8e8d956e418e1e3",
            "tags": {
              "Environment": "test",
              "Name": "test_instance",
              "Terraform": "true"
            },
            "tenancy": "default",
            "timeouts": null,
            "user_data": "10aff91b7c1f581a62138da14bdf8e79606c1a8f",
            "user_data_base64": null,
            "vpc_security_group_ids": [
              "sg-020a55d157e1458d2"
            ]
          },
          "sensitive_attributes": []
        }
      ]
    },
    {
      "module": "module.metric_alarm.module.metric_alarm",
      "mode": "managed",
      "type": "aws_cloudwatch_metric_alarm",
      "name": "this",
      "provider": "provider[\"registry.terraform.io/hashicorp/aws\"]",
      "instances": [
        {
          "index_key": 0,
          "schema_version": 1,
          "attributes": {
            "actions_enabled": true,
            "alarm_actions": [
              "arn:aws:sns:us-east-1:730335593303:test-sns"
            ],
            "alarm_description": "Alarm when CPU utilization is greater than or equal to 80%",
            "alarm_name": "cpu_utilization",
            "arn": "arn:aws:cloudwatch:us-east-1:730335593303:alarm:cpu_utilization",
            "comparison_operator": "GreaterThanOrEqualToThreshold",
            "datapoints_to_alarm": 0,
            "dimensions": {
              "instance_id": "i-0b7667c90aff44980"
            },
            "evaluate_low_sample_count_percentiles": "",
            "evaluation_periods": 1,
            "extended_statistic": "",
            "id": "cpu_utilization",
            "insufficient_data_actions": null,
            "metric_name": "CPUUtilization",
            "metric_query": [],
            "namespace": "AWS/EC2",
            "ok_actions": null,
            "period": 300,
            "statistic": "Average",
            "tags": null,
            "tags_all": {},
            "threshold": 80,
            "threshold_metric_id": "",
            "treat_missing_data": "missing",
            "unit": ""
          },
          "sensitive_attributes": [],
          "private": "eyJzY2hlbWFfdmVyc2lvbiI6IjEifQ==",
          "dependencies": [
            "module.metric_alarm.data.aws_instance.test",
            "module.metric_alarm.module.sns_topic.aws_sns_topic.this"
          ]
        }
      ]
    },
    {
      "module": "module.metric_alarm.module.sns_topic",
      "mode": "data",
      "type": "aws_caller_identity",
      "name": "current",
      "provider": "provider[\"registry.terraform.io/hashicorp/aws\"]",
      "instances": [
        {
          "schema_version": 0,
          "attributes": {
            "account_id": "730335593303",
            "arn": "arn:aws:iam::730335593303:user/my-tg-deploy",
            "id": "730335593303",
            "user_id": "AIDA2UC3EYNL27JXS2RCR"
          },
          "sensitive_attributes": []
        }
      ]
    },
    {
      "module": "module.metric_alarm.module.sns_topic",
      "mode": "data",
      "type": "aws_iam_policy_document",
      "name": "this",
      "provider": "provider[\"registry.terraform.io/hashicorp/aws\"]",
      "instances": [
        {
          "index_key": 0,
          "schema_version": 0,
          "attributes": {
            "id": "3172262123",
            "json": "{\n  \"Version\": \"2012-10-17\",\n  \"Statement\": [\n    {\n      \"Sid\": \"__default_statement_ID\",\n      \"Effect\": \"Allow\",\n      \"Action\": [\n        \"sns:Subscribe\",\n        \"sns:SetTopicAttributes\",\n        \"sns:RemovePermission\",\n        \"sns:Publish\",\n        \"sns:ListSubscriptionsByTopic\",\n        \"sns:GetTopicAttributes\",\n        \"sns:DeleteTopic\",\n        \"sns:AddPermission\"\n      ],\n      \"Resource\": \"arn:aws:sns:us-east-1:730335593303:test-sns\",\n      \"Principal\": {\n        \"AWS\": \"*\"\n      },\n      \"Condition\": {\n        \"StringEquals\": {\n          \"AWS:SourceOwner\": \"730335593303\"\n        }\n      }\n    }\n  ]\n}",
            "minified_json": "{\"Version\":\"2012-10-17\",\"Statement\":[{\"Sid\":\"__default_statement_ID\",\"Effect\":\"Allow\",\"Action\":[\"sns:Subscribe\",\"sns:SetTopicAttributes\",\"sns:RemovePermission\",\"sns:Publish\",\"sns:ListSubscriptionsByTopic\",\"sns:GetTopicAttributes\",\"sns:DeleteTopic\",\"sns:AddPermission\"],\"Resource\":\"arn:aws:sns:us-east-1:730335593303:test-sns\",\"Principal\":{\"AWS\":\"*\"},\"Condition\":{\"StringEquals\":{\"AWS:SourceOwner\":\"730335593303\"}}}]}",
            "override_json": null,
            "override_policy_documents": null,
            "policy_id": null,
            "source_json": null,
            "source_policy_documents": null,
            "statement": [
              {
                "actions": [
                  "sns:AddPermission",
                  "sns:DeleteTopic",
                  "sns:GetTopicAttributes",
                  "sns:ListSubscriptionsByTopic",
                  "sns:Publish",
                  "sns:RemovePermission",
                  "sns:SetTopicAttributes",
                  "sns:Subscribe"
                ],
                "condition": [
                  {
                    "test": "StringEquals",
                    "values": [
                      "730335593303"
                    ],
                    "variable": "AWS:SourceOwner"
                  }
                ],
                "effect": "Allow",
                "not_actions": [],
                "not_principals": [],
                "not_resources": [],
                "principals": [
                  {
                    "identifiers": [
                      "*"
                    ],
                    "type": "AWS"
                  }
                ],
                "resources": [
                  "arn:aws:sns:us-east-1:730335593303:test-sns"
                ],
                "sid": "__default_statement_ID"
              }
            ],
            "version": "2012-10-17"
          },
          "sensitive_attributes": []
        }
      ]
    },
    {
      "module": "module.metric_alarm.module.sns_topic",
      "mode": "managed",
      "type": "aws_sns_topic",
      "name": "this",
      "provider": "provider[\"registry.terraform.io/hashicorp/aws\"]",
      "instances": [
        {
          "index_key": 0,
          "schema_version": 0,
          "attributes": {
            "application_failure_feedback_role_arn": "",
            "application_success_feedback_role_arn": "",
            "application_success_feedback_sample_rate": 0,
            "archive_policy": "",
            "arn": "arn:aws:sns:us-east-1:730335593303:test-sns",
            "beginning_archive_time": "",
            "content_based_deduplication": false,
            "delivery_policy": "",
            "display_name": "",
            "fifo_topic": false,
            "firehose_failure_feedback_role_arn": "",
            "firehose_success_feedback_role_arn": "",
            "firehose_success_feedback_sample_rate": 0,
            "http_failure_feedback_role_arn": "",
            "http_success_feedback_role_arn": "",
            "http_success_feedback_sample_rate": 0,
            "id": "arn:aws:sns:us-east-1:730335593303:test-sns",
            "kms_master_key_id": "",
            "lambda_failure_feedback_role_arn": "",
            "lambda_success_feedback_role_arn": "",
            "lambda_success_feedback_sample_rate": 0,
            "name": "test-sns",
            "name_prefix": "",
            "owner": "730335593303",
            "policy": "{\"Statement\":[{\"Action\":[\"sns:Subscribe\",\"sns:SetTopicAttributes\",\"sns:RemovePermission\",\"sns:Publish\",\"sns:ListSubscriptionsByTopic\",\"sns:GetTopicAttributes\",\"sns:DeleteTopic\",\"sns:AddPermission\"],\"Condition\":{\"StringEquals\":{\"AWS:SourceOwner\":\"730335593303\"}},\"Effect\":\"Allow\",\"Principal\":{\"AWS\":\"*\"},\"Resource\":\"arn:aws:sns:us-east-1:730335593303:test-sns\",\"Sid\":\"__default_statement_ID\"}],\"Version\":\"2012-10-17\"}",
            "signature_version": 0,
            "sqs_failure_feedback_role_arn": "",
            "sqs_success_feedback_role_arn": "",
            "sqs_success_feedback_sample_rate": 0,
            "tags": {
              "Environment": "dev",
              "Terraform": "true"
            },
            "tags_all": {
              "Environment": "dev",
              "Terraform": "true"
            },
            "tracing_config": ""
          },
          "sensitive_attributes": [],
          "private": "bnVsbA=="
        }
      ]
    },
    {
      "module": "module.metric_alarm.module.sns_topic",
      "mode": "managed",
      "type": "aws_sns_topic_policy",
      "name": "this",
      "provider": "provider[\"registry.terraform.io/hashicorp/aws\"]",
      "instances": [
        {
          "index_key": 0,
          "schema_version": 0,
          "attributes": {
            "arn": "arn:aws:sns:us-east-1:730335593303:test-sns",
            "id": "arn:aws:sns:us-east-1:730335593303:test-sns",
            "owner": "730335593303",
            "policy": "{\"Statement\":[{\"Action\":[\"sns:Subscribe\",\"sns:SetTopicAttributes\",\"sns:RemovePermission\",\"sns:Publish\",\"sns:ListSubscriptionsByTopic\",\"sns:GetTopicAttributes\",\"sns:DeleteTopic\",\"sns:AddPermission\"],\"Condition\":{\"StringEquals\":{\"AWS:SourceOwner\":\"730335593303\"}},\"Effect\":\"Allow\",\"Principal\":{\"AWS\":\"*\"},\"Resource\":\"arn:aws:sns:us-east-1:730335593303:test-sns\",\"Sid\":\"__default_statement_ID\"}],\"Version\":\"2012-10-17\"}"
          },
          "sensitive_attributes": [],
          "private": "bnVsbA==",
          "dependencies": [
            "module.metric_alarm.module.sns_topic.aws_sns_topic.this",
            "module.metric_alarm.module.sns_topic.data.aws_caller_identity.current",
            "module.metric_alarm.module.sns_topic.data.aws_iam_policy_document.this"
          ]
        }
      ]
    },
    {
      "module": "module.metric_alarm.module.sns_topic",
      "mode": "managed",
      "type": "aws_sns_topic_subscription",
      "name": "this",
      "provider": "provider[\"registry.terraform.io/hashicorp/aws\"]",
      "instances": [
        {
          "index_key": "sqs",
          "schema_version": 0,
          "attributes": {
            "arn": "arn:aws:sns:us-east-1:730335593303:test-sns:81d60dcd-889b-4ebc-a4a9-6ff5292fff28",
            "confirmation_timeout_in_minutes": 1,
            "confirmation_was_authenticated": false,
            "delivery_policy": "",
            "endpoint": "nareshupwork3@gmail.com",
            "endpoint_auto_confirms": false,
            "filter_policy": "",
            "filter_policy_scope": "",
            "id": "arn:aws:sns:us-east-1:730335593303:test-sns:81d60dcd-889b-4ebc-a4a9-6ff5292fff28",
            "owner_id": "730335593303",
            "pending_confirmation": true,
            "protocol": "email",
            "raw_message_delivery": false,
            "redrive_policy": "",
            "replay_policy": "",
            "subscription_role_arn": "",
            "topic_arn": "arn:aws:sns:us-east-1:730335593303:test-sns"
          },
          "sensitive_attributes": [],
          "private": "bnVsbA==",
          "dependencies": [
            "module.metric_alarm.module.sns_topic.aws_sns_topic.this"
          ]
        }
      ]
    },
    {
      "module": "module.vpc.module.vpc",
      "mode": "managed",
      "type": "aws_default_network_acl",
      "name": "this",
      "provider": "provider[\"registry.terraform.io/hashicorp/aws\"]",
      "instances": [
        {
          "index_key": 0,
          "schema_version": 0,
          "attributes": {
            "arn": "arn:aws:ec2:us-east-1:730335593303:network-acl/acl-0204ade99cad50e6a",
            "default_network_acl_id": "acl-0204ade99cad50e6a",
            "egress": [
              {
                "action": "allow",
                "cidr_block": "",
                "from_port": 0,
                "icmp_code": 0,
                "icmp_type": 0,
                "ipv6_cidr_block": "::/0",
                "protocol": "-1",
                "rule_no": 101,
                "to_port": 0
              },
              {
                "action": "allow",
                "cidr_block": "0.0.0.0/0",
                "from_port": 0,
                "icmp_code": 0,
                "icmp_type": 0,
                "ipv6_cidr_block": "",
                "protocol": "-1",
                "rule_no": 100,
                "to_port": 0
              }
            ],
            "id": "acl-0204ade99cad50e6a",
            "ingress": [
              {
                "action": "allow",
                "cidr_block": "",
                "from_port": 0,
                "icmp_code": 0,
                "icmp_type": 0,
                "ipv6_cidr_block": "::/0",
                "protocol": "-1",
                "rule_no": 101,
                "to_port": 0
              },
              {
                "action": "allow",
                "cidr_block": "0.0.0.0/0",
                "from_port": 0,
                "icmp_code": 0,
                "icmp_type": 0,
                "ipv6_cidr_block": "",
                "protocol": "-1",
                "rule_no": 100,
                "to_port": 0
              }
            ],
            "owner_id": "730335593303",
            "subnet_ids": [
              "subnet-00e65847e20ed8d75",
              "subnet-0b8e8d956e418e1e3"
            ],
            "tags": {
              "Environment": "test",
              "Name": "test-Vpc-default",
              "Terraform": "true"
            },
            "tags_all": {
              "Environment": "test",
              "Name": "test-Vpc-default",
              "Terraform": "true"
            },
            "vpc_id": "vpc-041ab8a6be5a07776"
          },
          "sensitive_attributes": [],
          "private": "bnVsbA==",
          "dependencies": [
            "module.vpc.module.vpc.aws_vpc.this"
          ]
        }
      ]
    },
    {
      "module": "module.vpc.module.vpc",
      "mode": "managed",
      "type": "aws_default_route_table",
      "name": "default",
      "provider": "provider[\"registry.terraform.io/hashicorp/aws\"]",
      "instances": [
        {
          "index_key": 0,
          "schema_version": 0,
          "attributes": {
            "arn": "arn:aws:ec2:us-east-1:730335593303:route-table/rtb-02584c30f2d06f937",
            "default_route_table_id": "rtb-02584c30f2d06f937",
            "id": "rtb-02584c30f2d06f937",
            "owner_id": "730335593303",
            "propagating_vgws": [],
            "route": [],
            "tags": {
              "Environment": "test",
              "Name": "test-Vpc-default",
              "Terraform": "true"
            },
            "tags_all": {
              "Environment": "test",
              "Name": "test-Vpc-default",
              "Terraform": "true"
            },
            "timeouts": {
              "create": "5m",
              "update": "5m"
            },
            "vpc_id": "vpc-041ab8a6be5a07776"
          },
          "sensitive_attributes": [],
          "private": "eyJlMmJmYjczMC1lY2FhLTExZTYtOGY4OC0zNDM2M2JjN2M0YzAiOnsiY3JlYXRlIjozMDAwMDAwMDAwMDAsInVwZGF0ZSI6MzAwMDAwMDAwMDAwfX0=",
          "dependencies": [
            "module.vpc.module.vpc.aws_vpc.this"
          ]
        }
      ]
    },
    {
      "module": "module.vpc.module.vpc",
      "mode": "managed",
      "type": "aws_default_security_group",
      "name": "this",
      "provider": "provider[\"registry.terraform.io/hashicorp/aws\"]",
      "instances": [
        {
          "index_key": 0,
          "schema_version": 1,
          "attributes": {
            "arn": "arn:aws:ec2:us-east-1:730335593303:security-group/sg-01f394e03e917ab11",
            "description": "default VPC security group",
            "egress": [],
            "id": "sg-01f394e03e917ab11",
            "ingress": [],
            "name": "default",
            "name_prefix": "",
            "owner_id": "730335593303",
            "revoke_rules_on_delete": false,
            "tags": {
              "Environment": "test",
              "Name": "test-Vpc-default",
              "Terraform": "true"
            },
            "tags_all": {
              "Environment": "test",
              "Name": "test-Vpc-default",
              "Terraform": "true"
            },
            "vpc_id": "vpc-041ab8a6be5a07776"
          },
          "sensitive_attributes": [],
          "private": "eyJzY2hlbWFfdmVyc2lvbiI6IjEifQ==",
          "dependencies": [
            "module.vpc.module.vpc.aws_vpc.this"
          ]
        }
      ]
    },
    {
      "module": "module.vpc.module.vpc",
      "mode": "managed",
      "type": "aws_eip",
      "name": "nat",
      "provider": "provider[\"registry.terraform.io/hashicorp/aws\"]",
      "instances": [
        {
          "index_key": 0,
          "schema_version": 0,
          "attributes": {
            "address": null,
            "allocation_id": "eipalloc-0251e157b7e14ce9f",
            "arn": "arn:aws:ec2:us-east-1:730335593303:elastic-ip/eipalloc-0251e157b7e14ce9f",
            "associate_with_private_ip": null,
            "association_id": "eipassoc-02fa56302148ec081",
            "carrier_ip": "",
            "customer_owned_ip": "",
            "customer_owned_ipv4_pool": "",
            "domain": "vpc",
            "id": "eipalloc-0251e157b7e14ce9f",
            "instance": "",
            "network_border_group": "us-east-1",
            "network_interface": "eni-085b9fd6389124d52",
            "private_dns": "ip-50-0-13-206.ec2.internal",
            "private_ip": "50.0.13.206",
            "ptr_record": "",
            "public_dns": "ec2-52-73-0-22.compute-1.amazonaws.com",
            "public_ip": "52.73.0.22",
            "public_ipv4_pool": "amazon",
            "tags": {
              "Environment": "test",
              "Name": "test-Vpc-us-east-1a",
              "Terraform": "true"
            },
            "tags_all": {
              "Environment": "test",
              "Name": "test-Vpc-us-east-1a",
              "Terraform": "true"
            },
            "timeouts": null,
            "vpc": true
          },
          "sensitive_attributes": [],
          "private": "eyJlMmJmYjczMC1lY2FhLTExZTYtOGY4OC0zNDM2M2JjN2M0YzAiOnsiZGVsZXRlIjoxODAwMDAwMDAwMDAsInJlYWQiOjkwMDAwMDAwMDAwMCwidXBkYXRlIjozMDAwMDAwMDAwMDB9fQ==",
          "dependencies": [
            "module.vpc.module.vpc.aws_internet_gateway.this",
            "module.vpc.module.vpc.aws_vpc.this",
            "module.vpc.module.vpc.aws_vpc_ipv4_cidr_block_association.this"
          ]
        }
      ]
    },
    {
      "module": "module.vpc.module.vpc",
      "mode": "managed",
      "type": "aws_internet_gateway",
      "name": "this",
      "provider": "provider[\"registry.terraform.io/hashicorp/aws\"]",
      "instances": [
        {
          "index_key": 0,
          "schema_version": 0,
          "attributes": {
            "arn": "arn:aws:ec2:us-east-1:730335593303:internet-gateway/igw-0e1fea130d4bd5287",
            "id": "igw-0e1fea130d4bd5287",
            "owner_id": "730335593303",
            "tags": {
              "Environment": "test",
              "Name": "test-Vpc",
              "Terraform": "true"
            },
            "tags_all": {
              "Environment": "test",
              "Name": "test-Vpc",
              "Terraform": "true"
            },
            "timeouts": null,
            "vpc_id": "vpc-041ab8a6be5a07776"
          },
          "sensitive_attributes": [],
          "private": "eyJlMmJmYjczMC1lY2FhLTExZTYtOGY4OC0zNDM2M2JjN2M0YzAiOnsiY3JlYXRlIjoxMjAwMDAwMDAwMDAwLCJkZWxldGUiOjEyMDAwMDAwMDAwMDAsInVwZGF0ZSI6MTIwMDAwMDAwMDAwMH19",
          "dependencies": [
            "module.vpc.module.vpc.aws_vpc.this",
            "module.vpc.module.vpc.aws_vpc_ipv4_cidr_block_association.this"
          ]
        }
      ]
    },
    {
      "module": "module.vpc.module.vpc",
      "mode": "managed",
      "type": "aws_nat_gateway",
      "name": "this",
      "provider": "provider[\"registry.terraform.io/hashicorp/aws\"]",
      "instances": [
        {
          "index_key": 0,
          "schema_version": 0,
          "attributes": {
            "allocation_id": "eipalloc-0251e157b7e14ce9f",
            "association_id": "eipassoc-02fa56302148ec081",
            "connectivity_type": "public",
            "id": "nat-0258b7fd2cc753be3",
            "network_interface_id": "eni-085b9fd6389124d52",
            "private_ip": "50.0.13.206",
            "public_ip": "52.73.0.22",
            "secondary_allocation_ids": [],
            "secondary_private_ip_address_count": 0,
            "secondary_private_ip_addresses": [],
            "subnet_id": "subnet-0b8e8d956e418e1e3",
            "tags": {
              "Environment": "test",
              "Name": "test-Vpc-us-east-1a",
              "Terraform": "true"
            },
            "tags_all": {
              "Environment": "test",
              "Name": "test-Vpc-us-east-1a",
              "Terraform": "true"
            },
            "timeouts": null
          },
          "sensitive_attributes": [],
          "private": "eyJlMmJmYjczMC1lY2FhLTExZTYtOGY4OC0zNDM2M2JjN2M0YzAiOnsiY3JlYXRlIjo2MDAwMDAwMDAwMDAsImRlbGV0ZSI6MTgwMDAwMDAwMDAwMCwidXBkYXRlIjo2MDAwMDAwMDAwMDB9fQ==",
          "dependencies": [
            "module.vpc.module.vpc.aws_eip.nat",
            "module.vpc.module.vpc.aws_internet_gateway.this",
            "module.vpc.module.vpc.aws_subnet.public",
            "module.vpc.module.vpc.aws_vpc.this",
            "module.vpc.module.vpc.aws_vpc_ipv4_cidr_block_association.this"
          ]
        }
      ]
    },
    {
      "module": "module.vpc.module.vpc",
      "mode": "managed",
      "type": "aws_route",
      "name": "private_nat_gateway",
      "provider": "provider[\"registry.terraform.io/hashicorp/aws\"]",
      "instances": [
        {
          "index_key": 0,
          "schema_version": 0,
          "attributes": {
            "carrier_gateway_id": "",
            "core_network_arn": "",
            "destination_cidr_block": "0.0.0.0/0",
            "destination_ipv6_cidr_block": "",
            "destination_prefix_list_id": "",
            "egress_only_gateway_id": "",
            "gateway_id": "",
            "id": "r-rtb-09555b4248e55fb2c1080289494",
            "instance_id": "",
            "instance_owner_id": "",
            "local_gateway_id": "",
            "nat_gateway_id": "nat-0258b7fd2cc753be3",
            "network_interface_id": "",
            "origin": "CreateRoute",
            "route_table_id": "rtb-09555b4248e55fb2c",
            "state": "active",
            "timeouts": {
              "create": "5m",
              "delete": null,
              "update": null
            },
            "transit_gateway_id": "",
            "vpc_endpoint_id": "",
            "vpc_peering_connection_id": ""
          },
          "sensitive_attributes": [],
          "private": "eyJlMmJmYjczMC1lY2FhLTExZTYtOGY4OC0zNDM2M2JjN2M0YzAiOnsiY3JlYXRlIjozMDAwMDAwMDAwMDAsImRlbGV0ZSI6MzAwMDAwMDAwMDAwLCJ1cGRhdGUiOjEyMDAwMDAwMDAwMH19",
          "dependencies": [
            "module.vpc.module.vpc.aws_eip.nat",
            "module.vpc.module.vpc.aws_internet_gateway.this",
            "module.vpc.module.vpc.aws_nat_gateway.this",
            "module.vpc.module.vpc.aws_route_table.private",
            "module.vpc.module.vpc.aws_subnet.public",
            "module.vpc.module.vpc.aws_vpc.this",
            "module.vpc.module.vpc.aws_vpc_ipv4_cidr_block_association.this"
          ]
        }
      ]
    },
    {
      "module": "module.vpc.module.vpc",
      "mode": "managed",
      "type": "aws_route",
      "name": "public_internet_gateway",
      "provider": "provider[\"registry.terraform.io/hashicorp/aws\"]",
      "instances": [
        {
          "index_key": 0,
          "schema_version": 0,
          "attributes": {
            "carrier_gateway_id": "",
            "core_network_arn": "",
            "destination_cidr_block": "0.0.0.0/0",
            "destination_ipv6_cidr_block": "",
            "destination_prefix_list_id": "",
            "egress_only_gateway_id": "",
            "gateway_id": "igw-0e1fea130d4bd5287",
            "id": "r-rtb-0c4768897c1a966671080289494",
            "instance_id": "",
            "instance_owner_id": "",
            "local_gateway_id": "",
            "nat_gateway_id": "",
            "network_interface_id": "",
            "origin": "CreateRoute",
            "route_table_id": "rtb-0c4768897c1a96667",
            "state": "active",
            "timeouts": {
              "create": "5m",
              "delete": null,
              "update": null
            },
            "transit_gateway_id": "",
            "vpc_endpoint_id": "",
            "vpc_peering_connection_id": ""
          },
          "sensitive_attributes": [],
          "private": "eyJlMmJmYjczMC1lY2FhLTExZTYtOGY4OC0zNDM2M2JjN2M0YzAiOnsiY3JlYXRlIjozMDAwMDAwMDAwMDAsImRlbGV0ZSI6MzAwMDAwMDAwMDAwLCJ1cGRhdGUiOjEyMDAwMDAwMDAwMH19",
          "dependencies": [
            "module.vpc.module.vpc.aws_internet_gateway.this",
            "module.vpc.module.vpc.aws_route_table.public",
            "module.vpc.module.vpc.aws_vpc.this",
            "module.vpc.module.vpc.aws_vpc_ipv4_cidr_block_association.this"
          ]
        }
      ]
    },
    {
      "module": "module.vpc.module.vpc",
      "mode": "managed",
      "type": "aws_route_table",
      "name": "private",
      "provider": "provider[\"registry.terraform.io/hashicorp/aws\"]",
      "instances": [
        {
          "index_key": 0,
          "schema_version": 0,
          "attributes": {
            "arn": "arn:aws:ec2:us-east-1:730335593303:route-table/rtb-09555b4248e55fb2c",
            "id": "rtb-09555b4248e55fb2c",
            "owner_id": "730335593303",
            "propagating_vgws": [],
            "route": [
              {
                "carrier_gateway_id": "",
                "cidr_block": "0.0.0.0/0",
                "core_network_arn": "",
                "destination_prefix_list_id": "",
                "egress_only_gateway_id": "",
                "gateway_id": "",
                "ipv6_cidr_block": "",
                "local_gateway_id": "",
                "nat_gateway_id": "nat-0258b7fd2cc753be3",
                "network_interface_id": "",
                "transit_gateway_id": "",
                "vpc_endpoint_id": "",
                "vpc_peering_connection_id": ""
              }
            ],
            "tags": {
              "Environment": "test",
              "Name": "test-Vpc-private-us-east-1a",
              "Terraform": "true"
            },
            "tags_all": {
              "Environment": "test",
              "Name": "test-Vpc-private-us-east-1a",
              "Terraform": "true"
            },
            "timeouts": null,
            "vpc_id": "vpc-041ab8a6be5a07776"
          },
          "sensitive_attributes": [],
          "private": "eyJlMmJmYjczMC1lY2FhLTExZTYtOGY4OC0zNDM2M2JjN2M0YzAiOnsiY3JlYXRlIjozMDAwMDAwMDAwMDAsImRlbGV0ZSI6MzAwMDAwMDAwMDAwLCJ1cGRhdGUiOjEyMDAwMDAwMDAwMH19",
          "dependencies": [
            "module.vpc.module.vpc.aws_vpc.this",
            "module.vpc.module.vpc.aws_vpc_ipv4_cidr_block_association.this"
          ]
        }
      ]
    },
    {
      "module": "module.vpc.module.vpc",
      "mode": "managed",
      "type": "aws_route_table",
      "name": "public",
      "provider": "provider[\"registry.terraform.io/hashicorp/aws\"]",
      "instances": [
        {
          "index_key": 0,
          "schema_version": 0,
          "attributes": {
            "arn": "arn:aws:ec2:us-east-1:730335593303:route-table/rtb-0c4768897c1a96667",
            "id": "rtb-0c4768897c1a96667",
            "owner_id": "730335593303",
            "propagating_vgws": [],
            "route": [
              {
                "carrier_gateway_id": "",
                "cidr_block": "0.0.0.0/0",
                "core_network_arn": "",
                "destination_prefix_list_id": "",
                "egress_only_gateway_id": "",
                "gateway_id": "igw-0e1fea130d4bd5287",
                "ipv6_cidr_block": "",
                "local_gateway_id": "",
                "nat_gateway_id": "",
                "network_interface_id": "",
                "transit_gateway_id": "",
                "vpc_endpoint_id": "",
                "vpc_peering_connection_id": ""
              }
            ],
            "tags": {
              "Environment": "test",
              "Name": "test-Vpc-public",
              "Terraform": "true"
            },
            "tags_all": {
              "Environment": "test",
              "Name": "test-Vpc-public",
              "Terraform": "true"
            },
            "timeouts": null,
            "vpc_id": "vpc-041ab8a6be5a07776"
          },
          "sensitive_attributes": [],
          "private": "eyJlMmJmYjczMC1lY2FhLTExZTYtOGY4OC0zNDM2M2JjN2M0YzAiOnsiY3JlYXRlIjozMDAwMDAwMDAwMDAsImRlbGV0ZSI6MzAwMDAwMDAwMDAwLCJ1cGRhdGUiOjEyMDAwMDAwMDAwMH19",
          "dependencies": [
            "module.vpc.module.vpc.aws_vpc.this",
            "module.vpc.module.vpc.aws_vpc_ipv4_cidr_block_association.this"
          ]
        }
      ]
    },
    {
      "module": "module.vpc.module.vpc",
      "mode": "managed",
      "type": "aws_route_table_association",
      "name": "private",
      "provider": "provider[\"registry.terraform.io/hashicorp/aws\"]",
      "instances": [
        {
          "index_key": 0,
          "schema_version": 0,
          "attributes": {
            "gateway_id": "",
            "id": "rtbassoc-0b7807cfc7cfb9dfa",
            "route_table_id": "rtb-09555b4248e55fb2c",
            "subnet_id": "subnet-00e65847e20ed8d75",
            "timeouts": null
          },
          "sensitive_attributes": [],
          "private": "eyJlMmJmYjczMC1lY2FhLTExZTYtOGY4OC0zNDM2M2JjN2M0YzAiOnsiY3JlYXRlIjozMDAwMDAwMDAwMDAsImRlbGV0ZSI6MzAwMDAwMDAwMDAwLCJ1cGRhdGUiOjEyMDAwMDAwMDAwMH19",
          "dependencies": [
            "module.vpc.module.vpc.aws_route_table.private",
            "module.vpc.module.vpc.aws_subnet.private",
            "module.vpc.module.vpc.aws_vpc.this",
            "module.vpc.module.vpc.aws_vpc_ipv4_cidr_block_association.this"
          ]
        }
      ]
    },
    {
      "module": "module.vpc.module.vpc",
      "mode": "managed",
      "type": "aws_route_table_association",
      "name": "public",
      "provider": "provider[\"registry.terraform.io/hashicorp/aws\"]",
      "instances": [
        {
          "index_key": 0,
          "schema_version": 0,
          "attributes": {
            "gateway_id": "",
            "id": "rtbassoc-000fd17647fff6582",
            "route_table_id": "rtb-0c4768897c1a96667",
            "subnet_id": "subnet-0b8e8d956e418e1e3",
            "timeouts": null
          },
          "sensitive_attributes": [],
          "private": "eyJlMmJmYjczMC1lY2FhLTExZTYtOGY4OC0zNDM2M2JjN2M0YzAiOnsiY3JlYXRlIjozMDAwMDAwMDAwMDAsImRlbGV0ZSI6MzAwMDAwMDAwMDAwLCJ1cGRhdGUiOjEyMDAwMDAwMDAwMH19",
          "dependencies": [
            "module.vpc.module.vpc.aws_route_table.public",
            "module.vpc.module.vpc.aws_subnet.public",
            "module.vpc.module.vpc.aws_vpc.this",
            "module.vpc.module.vpc.aws_vpc_ipv4_cidr_block_association.this"
          ]
        }
      ]
    },
    {
      "module": "module.vpc.module.vpc",
      "mode": "managed",
      "type": "aws_subnet",
      "name": "private",
      "provider": "provider[\"registry.terraform.io/hashicorp/aws\"]",
      "instances": [
        {
          "index_key": 0,
          "schema_version": 1,
          "attributes": {
            "arn": "arn:aws:ec2:us-east-1:730335593303:subnet/subnet-00e65847e20ed8d75",
            "assign_ipv6_address_on_creation": false,
            "availability_zone": "us-east-1a",
            "availability_zone_id": "use1-az1",
            "cidr_block": "50.0.128.0/20",
            "customer_owned_ipv4_pool": "",
            "enable_dns64": false,
            "enable_lni_at_device_index": 0,
            "enable_resource_name_dns_a_record_on_launch": false,
            "enable_resource_name_dns_aaaa_record_on_launch": false,
            "id": "subnet-00e65847e20ed8d75",
            "ipv6_cidr_block": "",
            "ipv6_cidr_block_association_id": "",
            "ipv6_native": false,
            "map_customer_owned_ip_on_launch": false,
            "map_public_ip_on_launch": false,
            "outpost_arn": "",
            "owner_id": "730335593303",
            "private_dns_hostname_type_on_launch": "ip-name",
            "tags": {
              "Environment": "test",
              "Name": "test-Vpc-private-us-east-1a",
              "Terraform": "true"
            },
            "tags_all": {
              "Environment": "test",
              "Name": "test-Vpc-private-us-east-1a",
              "Terraform": "true"
            },
            "timeouts": null,
            "vpc_id": "vpc-041ab8a6be5a07776"
          },
          "sensitive_attributes": [],
          "private": "eyJlMmJmYjczMC1lY2FhLTExZTYtOGY4OC0zNDM2M2JjN2M0YzAiOnsiY3JlYXRlIjo2MDAwMDAwMDAwMDAsImRlbGV0ZSI6MTIwMDAwMDAwMDAwMH0sInNjaGVtYV92ZXJzaW9uIjoiMSJ9",
          "dependencies": [
            "module.vpc.module.vpc.aws_vpc.this",
            "module.vpc.module.vpc.aws_vpc_ipv4_cidr_block_association.this"
          ]
        }
      ]
    },
    {
      "module": "module.vpc.module.vpc",
      "mode": "managed",
      "type": "aws_subnet",
      "name": "public",
      "provider": "provider[\"registry.terraform.io/hashicorp/aws\"]",
      "instances": [
        {
          "index_key": 0,
          "schema_version": 1,
          "attributes": {
            "arn": "arn:aws:ec2:us-east-1:730335593303:subnet/subnet-0b8e8d956e418e1e3",
            "assign_ipv6_address_on_creation": false,
            "availability_zone": "us-east-1a",
            "availability_zone_id": "use1-az1",
            "cidr_block": "50.0.0.0/20",
            "customer_owned_ipv4_pool": "",
            "enable_dns64": false,
            "enable_lni_at_device_index": 0,
            "enable_resource_name_dns_a_record_on_launch": false,
            "enable_resource_name_dns_aaaa_record_on_launch": false,
            "id": "subnet-0b8e8d956e418e1e3",
            "ipv6_cidr_block": "",
            "ipv6_cidr_block_association_id": "",
            "ipv6_native": false,
            "map_customer_owned_ip_on_launch": false,
            "map_public_ip_on_launch": false,
            "outpost_arn": "",
            "owner_id": "730335593303",
            "private_dns_hostname_type_on_launch": "ip-name",
            "tags": {
              "Environment": "test",
              "Name": "test-Vpc-public-us-east-1a",
              "Terraform": "true"
            },
            "tags_all": {
              "Environment": "test",
              "Name": "test-Vpc-public-us-east-1a",
              "Terraform": "true"
            },
            "timeouts": null,
            "vpc_id": "vpc-041ab8a6be5a07776"
          },
          "sensitive_attributes": [],
          "private": "eyJlMmJmYjczMC1lY2FhLTExZTYtOGY4OC0zNDM2M2JjN2M0YzAiOnsiY3JlYXRlIjo2MDAwMDAwMDAwMDAsImRlbGV0ZSI6MTIwMDAwMDAwMDAwMH0sInNjaGVtYV92ZXJzaW9uIjoiMSJ9",
          "dependencies": [
            "module.vpc.module.vpc.aws_vpc.this",
            "module.vpc.module.vpc.aws_vpc_ipv4_cidr_block_association.this"
          ]
        }
      ]
    },
    {
      "module": "module.vpc.module.vpc",
      "mode": "managed",
      "type": "aws_vpc",
      "name": "this",
      "provider": "provider[\"registry.terraform.io/hashicorp/aws\"]",
      "instances": [
        {
          "index_key": 0,
          "schema_version": 1,
          "attributes": {
            "arn": "arn:aws:ec2:us-east-1:730335593303:vpc/vpc-041ab8a6be5a07776",
            "assign_generated_ipv6_cidr_block": false,
            "cidr_block": "50.0.0.0/16",
            "default_network_acl_id": "acl-0204ade99cad50e6a",
            "default_route_table_id": "rtb-02584c30f2d06f937",
            "default_security_group_id": "sg-01f394e03e917ab11",
            "dhcp_options_id": "dopt-0a0ca4c90acef1667",
            "enable_dns_hostnames": true,
            "enable_dns_support": true,
            "enable_network_address_usage_metrics": false,
            "id": "vpc-041ab8a6be5a07776",
            "instance_tenancy": "default",
            "ipv4_ipam_pool_id": null,
            "ipv4_netmask_length": null,
            "ipv6_association_id": "",
            "ipv6_cidr_block": "",
            "ipv6_cidr_block_network_border_group": "",
            "ipv6_ipam_pool_id": "",
            "ipv6_netmask_length": 0,
            "main_route_table_id": "rtb-02584c30f2d06f937",
            "owner_id": "730335593303",
            "tags": {
              "Environment": "test",
              "Name": "test-Vpc",
              "Terraform": "true"
            },
            "tags_all": {
              "Environment": "test",
              "Name": "test-Vpc",
              "Terraform": "true"
            }
          },
          "sensitive_attributes": [],
          "private": "eyJzY2hlbWFfdmVyc2lvbiI6IjEifQ==",
          "create_before_destroy": true
        }
      ]
    }
  ],
  "check_results": null
}
